
Microsoft Visual Studio Solution File, Format Version 12.00
# Visual Studio Version 16
VisualStudioVersion = 16.0.29519.181
MinimumVisualStudioVersion = 10.0.40219.1
Project("{FAE04EC0-301F-11D3-BF4B-00C04F79EFBC}") = "WindowsFormsApp2", "WindowsFormsApp2.csproj", "{319AE79F-3885-470B-B98A-CA78F0F3D433}"
EndProject
Global
	GlobalSection(SolutionConfigurationPlatforms) = preSolution
		Debug|Any CPU = Debug|Any CPU
		Release|Any CPU = Release|Any CPU
	EndGlobalSection
	GlobalSection(ProjectConfigurationPlatforms) = postSolution
		{319AE79F-3885-470B-B98A-CA78F0F3D433}.Debug|Any CPU.ActiveCfg = Debug|Any CPU
		{319AE79F-3885-470B-B98A-CA78F0F3D433}.Debug|Any CPU.Build.0 = Debug|Any CPU
		{319AE79F-3885-470B-B98A-CA78F0F3D433}.Release|Any CPU.ActiveCfg = Release|Any CPU
		{319AE79F-3885-470B-B98A-CA78F0F3D433}.Release|Any CPU.Build.0 = Release|Any CPU
	EndGlobalSection
	GlobalSection(SolutionProperties) = preSolution
		HideSolutionNode = FALSE
	EndGlobalSection
	GlobalSection(ExtensibilityGlobals) = postSolution
		SolutionGuid = {C8F1A901-7E1C-4EB2-851C-E1093DBB4B87}
	EndGlobalSection
EndGlobal
